
Microsoft Visual Studio Solution File, Format Version 12.00
# Visual Studio Version 17
VisualStudioVersion = 17.10.35013.160
MinimumVisualStudioVersion = 10.0.40219.1
Project("{FAE04EC0-301F-11D3-BF4B-00C04F79EFBC}") = "Rividco_solar__", "Rividco_solar__\Rividco_solar__.csproj", "{E881C5D2-851E-4394-804E-B291E6F4C012}"
EndProject
Global
	GlobalSection(SolutionConfigurationPlatforms) = preSolution
		Debug|Any CPU = Debug|Any CPU
		Release|Any CPU = Release|Any CPU
	EndGlobalSection
	GlobalSection(ProjectConfigurationPlatforms) = postSolution
		{E881C5D2-851E-4394-804E-B291E6F4C012}.Debug|Any CPU.ActiveCfg = Debug|Any CPU
		{E881C5D2-851E-4394-804E-B291E6F4C012}.Debug|Any CPU.Build.0 = Debug|Any CPU
		{E881C5D2-851E-4394-804E-B291E6F4C012}.Release|Any CPU.ActiveCfg = Release|Any CPU
		{E881C5D2-851E-4394-804E-B291E6F4C012}.Release|Any CPU.Build.0 = Release|Any CPU
	EndGlobalSection
	GlobalSection(SolutionProperties) = preSolution
		HideSolutionNode = FALSE
	EndGlobalSection
	GlobalSection(ExtensibilityGlobals) = postSolution
		SolutionGuid = {3423DAFB-2D19-4849-A20D-CE798ABE0390}
	EndGlobalSection
EndGlobal
